
Microsoft Visual Studio Solution File, Format Version 12.00
# Visual Studio 14
VisualStudioVersion = 14.0.25029.0
MinimumVisualStudioVersion = 10.0.40219.1
Project("{2150E333-8FDC-42A3-9474-1A3956D46DE8}") = "src", "src", "{34A6C057-EF7A-4B52-ACE4-F74CA3DEBFF6}"
EndProject
Project("{2150E333-8FDC-42A3-9474-1A3956D46DE8}") = "Solution Items", "Solution Items", "{76B3CACE-7B50-4129-A4C2-F1A64EEB2290}"
EndProject
Project("{2150E333-8FDC-42A3-9474-1A3956D46DE8}") = "tests", "tests", "{D88D644B-616E-4E93-8E58-F06EE7793464}"
EndProject
Project("{2150E333-8FDC-42A3-9474-1A3956D46DE8}") = "targets", "targets", "{C8636EE3-212A-4764-B8AB-32E385421A17}"
	ProjectSection(SolutionItems) = preProject
		targets\Nuget.PackageIndex.targets = targets\Nuget.PackageIndex.targets
	EndProjectSection
EndProject
Project("{FAE04EC0-301F-11D3-BF4B-00C04F79EFBC}") = "Nuget.PackageIndex.VisualStudio", "src\Nuget.PackageIndex.VisualStudio\Nuget.PackageIndex.VisualStudio.csproj", "{2C452F86-0D90-454C-8CE1-CB61C33D78AB}"
	ProjectSection(ProjectDependencies) = postProject
		{B5650D11-E679-4FFA-BC2E-A9F29DD01768} = {B5650D11-E679-4FFA-BC2E-A9F29DD01768}
	EndProjectSection
EndProject
Project("{FAE04EC0-301F-11D3-BF4B-00C04F79EFBC}") = "Nuget.PackageIndex", "src\Nuget.PackageIndex\Nuget.PackageIndex.csproj", "{B5650D11-E679-4FFA-BC2E-A9F29DD01768}"
EndProject
Project("{FAE04EC0-301F-11D3-BF4B-00C04F79EFBC}") = "Nuget.PackageIndex.Manager", "src\Nuget.PackageIndex.Manager\Nuget.PackageIndex.Manager.csproj", "{0CAEB2B8-CC39-42B9-A80B-31E3155FAC2A}"
EndProject
Project("{FAE04EC0-301F-11D3-BF4B-00C04F79EFBC}") = "Nuget.PackageIndex.Tests", "tests\Nuget.PackageIndex.Tests\Nuget.PackageIndex.Tests.csproj", "{CFF0686F-CCAC-479C-B26E-1473472336A6}"
EndProject
Global
	GlobalSection(SolutionConfigurationPlatforms) = preSolution
		Debug|Any CPU = Debug|Any CPU
		Release|Any CPU = Release|Any CPU
	EndGlobalSection
	GlobalSection(ProjectConfigurationPlatforms) = postSolution
		{2C452F86-0D90-454C-8CE1-CB61C33D78AB}.Debug|Any CPU.ActiveCfg = Debug|Any CPU
		{2C452F86-0D90-454C-8CE1-CB61C33D78AB}.Debug|Any CPU.Build.0 = Debug|Any CPU
		{2C452F86-0D90-454C-8CE1-CB61C33D78AB}.Release|Any CPU.ActiveCfg = Release|Any CPU
		{2C452F86-0D90-454C-8CE1-CB61C33D78AB}.Release|Any CPU.Build.0 = Release|Any CPU
		{B5650D11-E679-4FFA-BC2E-A9F29DD01768}.Debug|Any CPU.ActiveCfg = Debug|Any CPU
		{B5650D11-E679-4FFA-BC2E-A9F29DD01768}.Debug|Any CPU.Build.0 = Debug|Any CPU
		{B5650D11-E679-4FFA-BC2E-A9F29DD01768}.Release|Any CPU.ActiveCfg = Release|Any CPU
		{B5650D11-E679-4FFA-BC2E-A9F29DD01768}.Release|Any CPU.Build.0 = Release|Any CPU
		{0CAEB2B8-CC39-42B9-A80B-31E3155FAC2A}.Debug|Any CPU.ActiveCfg = Debug|Any CPU
		{0CAEB2B8-CC39-42B9-A80B-31E3155FAC2A}.Debug|Any CPU.Build.0 = Debug|Any CPU
		{0CAEB2B8-CC39-42B9-A80B-31E3155FAC2A}.Release|Any CPU.ActiveCfg = Release|Any CPU
		{0CAEB2B8-CC39-42B9-A80B-31E3155FAC2A}.Release|Any CPU.Build.0 = Release|Any CPU
		{CFF0686F-CCAC-479C-B26E-1473472336A6}.Debug|Any CPU.ActiveCfg = Debug|Any CPU
		{CFF0686F-CCAC-479C-B26E-1473472336A6}.Debug|Any CPU.Build.0 = Debug|Any CPU
		{CFF0686F-CCAC-479C-B26E-1473472336A6}.Release|Any CPU.ActiveCfg = Release|Any CPU
		{CFF0686F-CCAC-479C-B26E-1473472336A6}.Release|Any CPU.Build.0 = Release|Any CPU
	EndGlobalSection
	GlobalSection(SolutionProperties) = preSolution
		HideSolutionNode = FALSE
	EndGlobalSection
	GlobalSection(NestedProjects) = preSolution
		{2C452F86-0D90-454C-8CE1-CB61C33D78AB} = {34A6C057-EF7A-4B52-ACE4-F74CA3DEBFF6}
		{B5650D11-E679-4FFA-BC2E-A9F29DD01768} = {34A6C057-EF7A-4B52-ACE4-F74CA3DEBFF6}
		{0CAEB2B8-CC39-42B9-A80B-31E3155FAC2A} = {34A6C057-EF7A-4B52-ACE4-F74CA3DEBFF6}
		{CFF0686F-CCAC-479C-B26E-1473472336A6} = {D88D644B-616E-4E93-8E58-F06EE7793464}
	EndGlobalSection
EndGlobal
